
Microsoft Visual Studio Solution File, Format Version 12.00
# Visual Studio 15
VisualStudioVersion = 15.0.27428.2037
MinimumVisualStudioVersion = 10.0.40219.1
Project("{FAE04EC0-301F-11D3-BF4B-00C04F79EFBC}") = "BigO", "BigO\BigO.csproj", "{3F8DF8D8-103D-45FB-869B-F9D048A312F2}"
EndProject
Project("{FAE04EC0-301F-11D3-BF4B-00C04F79EFBC}") = "HowToSolveCodingProblems", "HowToSolveCodingProblems\HowToSolveCodingProblems.csproj", "{11893E47-DFE7-42DD-98FD-CF2905DAE109}"
EndProject
Project("{FAE04EC0-301F-11D3-BF4B-00C04F79EFBC}") = "DS-Intro", "DS-Intro\DS-Intro.csproj", "{04A32D46-2992-413D-9103-0360FC785CC4}"
EndProject
Global
	GlobalSection(SolutionConfigurationPlatforms) = preSolution
		Debug|Any CPU = Debug|Any CPU
		Release|Any CPU = Release|Any CPU
	EndGlobalSection
	GlobalSection(ProjectConfigurationPlatforms) = postSolution
		{3F8DF8D8-103D-45FB-869B-F9D048A312F2}.Debug|Any CPU.ActiveCfg = Debug|Any CPU
		{3F8DF8D8-103D-45FB-869B-F9D048A312F2}.Debug|Any CPU.Build.0 = Debug|Any CPU
		{3F8DF8D8-103D-45FB-869B-F9D048A312F2}.Release|Any CPU.ActiveCfg = Release|Any CPU
		{3F8DF8D8-103D-45FB-869B-F9D048A312F2}.Release|Any CPU.Build.0 = Release|Any CPU
		{11893E47-DFE7-42DD-98FD-CF2905DAE109}.Debug|Any CPU.ActiveCfg = Debug|Any CPU
		{11893E47-DFE7-42DD-98FD-CF2905DAE109}.Debug|Any CPU.Build.0 = Debug|Any CPU
		{11893E47-DFE7-42DD-98FD-CF2905DAE109}.Release|Any CPU.ActiveCfg = Release|Any CPU
		{11893E47-DFE7-42DD-98FD-CF2905DAE109}.Release|Any CPU.Build.0 = Release|Any CPU
		{04A32D46-2992-413D-9103-0360FC785CC4}.Debug|Any CPU.ActiveCfg = Debug|Any CPU
		{04A32D46-2992-413D-9103-0360FC785CC4}.Debug|Any CPU.Build.0 = Debug|Any CPU
		{04A32D46-2992-413D-9103-0360FC785CC4}.Release|Any CPU.ActiveCfg = Release|Any CPU
		{04A32D46-2992-413D-9103-0360FC785CC4}.Release|Any CPU.Build.0 = Release|Any CPU
	EndGlobalSection
	GlobalSection(SolutionProperties) = preSolution
		HideSolutionNode = FALSE
	EndGlobalSection
	GlobalSection(ExtensibilityGlobals) = postSolution
		SolutionGuid = {06C4FAB6-607A-46A3-93F9-9D80B259DDB7}
	EndGlobalSection
EndGlobal
