
Microsoft Visual Studio Solution File, Format Version 12.00
# Visual Studio 15
VisualStudioVersion = 15.0.27428.2037
MinimumVisualStudioVersion = 10.0.40219.1
Project("{FAE04EC0-301F-11D3-BF4B-00C04F79EFBC}") = "Big O", "BigO\Big O.csproj", "{3F8DF8D8-103D-45FB-869B-F9D048A312F2}"
EndProject
Project("{FAE04EC0-301F-11D3-BF4B-00C04F79EFBC}") = "HowToSolveCodingProblems", "HowToSolveCodingProblems\HowToSolveCodingProblems.csproj", "{11893E47-DFE7-42DD-98FD-CF2905DAE109}"
EndProject
Project("{FAE04EC0-301F-11D3-BF4B-00C04F79EFBC}") = "DS-Intro", "DS-Intro\DS-Intro.csproj", "{04A32D46-2992-413D-9103-0360FC785CC4}"
EndProject
Project("{FAE04EC0-301F-11D3-BF4B-00C04F79EFBC}") = "DS-Arrays", "DS-Arrays\DS-Arrays.csproj", "{BBEEFFB8-AA89-4AE3-A2A9-B748BF851A81}"
EndProject
Project("{FAE04EC0-301F-11D3-BF4B-00C04F79EFBC}") = "DS-Hash Table", "DS-Hash Table\DS-Hash Table.csproj", "{1E520D77-E8C0-4998-B3CA-ED0172A75BF5}"
EndProject
Project("{FAE04EC0-301F-11D3-BF4B-00C04F79EFBC}") = "DS-Linked Lists", "DS-Linked Lists\DS-Linked Lists.csproj", "{870FB292-C81B-48F0-AEA7-36220A56D390}"
EndProject
Project("{FAE04EC0-301F-11D3-BF4B-00C04F79EFBC}") = "DS-Stacks + Queues", "DS-Stacks + Queues\DS-Stacks + Queues.csproj", "{3F5E66B2-479B-4997-AEBA-B2E1E83FC252}"
EndProject
Project("{FAE04EC0-301F-11D3-BF4B-00C04F79EFBC}") = "DS -Trees", "DS -Trees\DS -Trees.csproj", "{08E3A3AB-D4E0-4AB8-B6EF-AE2F441D9136}"
EndProject
Project("{FAE04EC0-301F-11D3-BF4B-00C04F79EFBC}") = "DS-Graphs", "DS-Graphs\DS-Graphs.csproj", "{0C2DE6C6-67A9-4E89-9C31-8B676C7885E8}"
EndProject
Project("{FAE04EC0-301F-11D3-BF4B-00C04F79EFBC}") = "Algorithms - Recursion", "Algorithms - Recursion\Algorithms - Recursion.csproj", "{8A48BFAF-FB42-4380-86E1-2AEDF6329FC0}"
EndProject
Project("{FAE04EC0-301F-11D3-BF4B-00C04F79EFBC}") = "Algorithms - Sorting", "Algorithms - Sorting\Algorithms - Sorting.csproj", "{A05E01B6-D6DD-4F65-ACD2-26FA3E3B6346}"
EndProject
Project("{FAE04EC0-301F-11D3-BF4B-00C04F79EFBC}") = "Algorithms - Searching + BFS + DFS", "Algorithms - Searching + BFS + DFS\Algorithms - Searching + BFS + DFS.csproj", "{FC5796E4-A4C0-4AFD-85DD-AA6115F404EE}"
EndProject
Global
	GlobalSection(SolutionConfigurationPlatforms) = preSolution
		Debug|Any CPU = Debug|Any CPU
		Release|Any CPU = Release|Any CPU
	EndGlobalSection
	GlobalSection(ProjectConfigurationPlatforms) = postSolution
		{3F8DF8D8-103D-45FB-869B-F9D048A312F2}.Debug|Any CPU.ActiveCfg = Debug|Any CPU
		{3F8DF8D8-103D-45FB-869B-F9D048A312F2}.Debug|Any CPU.Build.0 = Debug|Any CPU
		{3F8DF8D8-103D-45FB-869B-F9D048A312F2}.Release|Any CPU.ActiveCfg = Release|Any CPU
		{3F8DF8D8-103D-45FB-869B-F9D048A312F2}.Release|Any CPU.Build.0 = Release|Any CPU
		{11893E47-DFE7-42DD-98FD-CF2905DAE109}.Debug|Any CPU.ActiveCfg = Debug|Any CPU
		{11893E47-DFE7-42DD-98FD-CF2905DAE109}.Debug|Any CPU.Build.0 = Debug|Any CPU
		{11893E47-DFE7-42DD-98FD-CF2905DAE109}.Release|Any CPU.ActiveCfg = Release|Any CPU
		{11893E47-DFE7-42DD-98FD-CF2905DAE109}.Release|Any CPU.Build.0 = Release|Any CPU
		{04A32D46-2992-413D-9103-0360FC785CC4}.Debug|Any CPU.ActiveCfg = Debug|Any CPU
		{04A32D46-2992-413D-9103-0360FC785CC4}.Debug|Any CPU.Build.0 = Debug|Any CPU
		{04A32D46-2992-413D-9103-0360FC785CC4}.Release|Any CPU.ActiveCfg = Release|Any CPU
		{04A32D46-2992-413D-9103-0360FC785CC4}.Release|Any CPU.Build.0 = Release|Any CPU
		{BBEEFFB8-AA89-4AE3-A2A9-B748BF851A81}.Debug|Any CPU.ActiveCfg = Debug|Any CPU
		{BBEEFFB8-AA89-4AE3-A2A9-B748BF851A81}.Debug|Any CPU.Build.0 = Debug|Any CPU
		{BBEEFFB8-AA89-4AE3-A2A9-B748BF851A81}.Release|Any CPU.ActiveCfg = Release|Any CPU
		{BBEEFFB8-AA89-4AE3-A2A9-B748BF851A81}.Release|Any CPU.Build.0 = Release|Any CPU
		{1E520D77-E8C0-4998-B3CA-ED0172A75BF5}.Debug|Any CPU.ActiveCfg = Debug|Any CPU
		{1E520D77-E8C0-4998-B3CA-ED0172A75BF5}.Debug|Any CPU.Build.0 = Debug|Any CPU
		{1E520D77-E8C0-4998-B3CA-ED0172A75BF5}.Release|Any CPU.ActiveCfg = Release|Any CPU
		{1E520D77-E8C0-4998-B3CA-ED0172A75BF5}.Release|Any CPU.Build.0 = Release|Any CPU
		{870FB292-C81B-48F0-AEA7-36220A56D390}.Debug|Any CPU.ActiveCfg = Debug|Any CPU
		{870FB292-C81B-48F0-AEA7-36220A56D390}.Debug|Any CPU.Build.0 = Debug|Any CPU
		{870FB292-C81B-48F0-AEA7-36220A56D390}.Release|Any CPU.ActiveCfg = Release|Any CPU
		{870FB292-C81B-48F0-AEA7-36220A56D390}.Release|Any CPU.Build.0 = Release|Any CPU
		{3F5E66B2-479B-4997-AEBA-B2E1E83FC252}.Debug|Any CPU.ActiveCfg = Debug|Any CPU
		{3F5E66B2-479B-4997-AEBA-B2E1E83FC252}.Debug|Any CPU.Build.0 = Debug|Any CPU
		{3F5E66B2-479B-4997-AEBA-B2E1E83FC252}.Release|Any CPU.ActiveCfg = Release|Any CPU
		{3F5E66B2-479B-4997-AEBA-B2E1E83FC252}.Release|Any CPU.Build.0 = Release|Any CPU
		{08E3A3AB-D4E0-4AB8-B6EF-AE2F441D9136}.Debug|Any CPU.ActiveCfg = Debug|Any CPU
		{08E3A3AB-D4E0-4AB8-B6EF-AE2F441D9136}.Debug|Any CPU.Build.0 = Debug|Any CPU
		{08E3A3AB-D4E0-4AB8-B6EF-AE2F441D9136}.Release|Any CPU.ActiveCfg = Release|Any CPU
		{08E3A3AB-D4E0-4AB8-B6EF-AE2F441D9136}.Release|Any CPU.Build.0 = Release|Any CPU
		{0C2DE6C6-67A9-4E89-9C31-8B676C7885E8}.Debug|Any CPU.ActiveCfg = Debug|Any CPU
		{0C2DE6C6-67A9-4E89-9C31-8B676C7885E8}.Debug|Any CPU.Build.0 = Debug|Any CPU
		{0C2DE6C6-67A9-4E89-9C31-8B676C7885E8}.Release|Any CPU.ActiveCfg = Release|Any CPU
		{0C2DE6C6-67A9-4E89-9C31-8B676C7885E8}.Release|Any CPU.Build.0 = Release|Any CPU
		{8A48BFAF-FB42-4380-86E1-2AEDF6329FC0}.Debug|Any CPU.ActiveCfg = Debug|Any CPU
		{8A48BFAF-FB42-4380-86E1-2AEDF6329FC0}.Debug|Any CPU.Build.0 = Debug|Any CPU
		{8A48BFAF-FB42-4380-86E1-2AEDF6329FC0}.Release|Any CPU.ActiveCfg = Release|Any CPU
		{8A48BFAF-FB42-4380-86E1-2AEDF6329FC0}.Release|Any CPU.Build.0 = Release|Any CPU
		{A05E01B6-D6DD-4F65-ACD2-26FA3E3B6346}.Debug|Any CPU.ActiveCfg = Debug|Any CPU
		{A05E01B6-D6DD-4F65-ACD2-26FA3E3B6346}.Debug|Any CPU.Build.0 = Debug|Any CPU
		{A05E01B6-D6DD-4F65-ACD2-26FA3E3B6346}.Release|Any CPU.ActiveCfg = Release|Any CPU
		{A05E01B6-D6DD-4F65-ACD2-26FA3E3B6346}.Release|Any CPU.Build.0 = Release|Any CPU
		{FC5796E4-A4C0-4AFD-85DD-AA6115F404EE}.Debug|Any CPU.ActiveCfg = Debug|Any CPU
		{FC5796E4-A4C0-4AFD-85DD-AA6115F404EE}.Debug|Any CPU.Build.0 = Debug|Any CPU
		{FC5796E4-A4C0-4AFD-85DD-AA6115F404EE}.Release|Any CPU.ActiveCfg = Release|Any CPU
		{FC5796E4-A4C0-4AFD-85DD-AA6115F404EE}.Release|Any CPU.Build.0 = Release|Any CPU
	EndGlobalSection
	GlobalSection(SolutionProperties) = preSolution
		HideSolutionNode = FALSE
	EndGlobalSection
	GlobalSection(ExtensibilityGlobals) = postSolution
		SolutionGuid = {06C4FAB6-607A-46A3-93F9-9D80B259DDB7}
	EndGlobalSection
EndGlobal
